
Microsoft Visual Studio Solution File, Format Version 12.00
# Visual Studio Version 16
VisualStudioVersion = 16.0.28407.52
MinimumVisualStudioVersion = 10.0.40219.1
Project("{9A19103F-16F7-4668-BE54-9A1E7A4F7556}") = "acmevalidator.tests", "acmevalidator.tests\acmevalidator.tests.csproj", "{AFA96524-4801-4365-A461-9C16051AAFAA}"
EndProject
Project("{FAE04EC0-301F-11D3-BF4B-00C04F79EFBC}") = "acmevalidator", "acmevalidator\acmevalidator.csproj", "{EB95CF41-9E96-4817-875B-7C2CC3623393}"
EndProject
Global
	GlobalSection(SolutionConfigurationPlatforms) = preSolution
		Debug|Any CPU = Debug|Any CPU
		Release|Any CPU = Release|Any CPU
	EndGlobalSection
	GlobalSection(ProjectConfigurationPlatforms) = postSolution
		{1E478CAD-922A-4F1B-AC15-46A094C797CA}.Debug|Any CPU.ActiveCfg = Debug|Any CPU
		{1E478CAD-922A-4F1B-AC15-46A094C797CA}.Debug|Any CPU.Build.0 = Debug|Any CPU
		{1E478CAD-922A-4F1B-AC15-46A094C797CA}.Release|Any CPU.ActiveCfg = Release|Any CPU
		{1E478CAD-922A-4F1B-AC15-46A094C797CA}.Release|Any CPU.Build.0 = Release|Any CPU
		{AFA96524-4801-4365-A461-9C16051AAFAA}.Debug|Any CPU.ActiveCfg = Debug|Any CPU
		{AFA96524-4801-4365-A461-9C16051AAFAA}.Debug|Any CPU.Build.0 = Debug|Any CPU
		{AFA96524-4801-4365-A461-9C16051AAFAA}.Release|Any CPU.ActiveCfg = Release|Any CPU
		{AFA96524-4801-4365-A461-9C16051AAFAA}.Release|Any CPU.Build.0 = Release|Any CPU
		{EB95CF41-9E96-4817-875B-7C2CC3623393}.Debug|Any CPU.ActiveCfg = Debug|Any CPU
		{EB95CF41-9E96-4817-875B-7C2CC3623393}.Debug|Any CPU.Build.0 = Debug|Any CPU
		{EB95CF41-9E96-4817-875B-7C2CC3623393}.Release|Any CPU.ActiveCfg = Release|Any CPU
		{EB95CF41-9E96-4817-875B-7C2CC3623393}.Release|Any CPU.Build.0 = Release|Any CPU
	EndGlobalSection
	GlobalSection(SolutionProperties) = preSolution
		HideSolutionNode = FALSE
	EndGlobalSection
	GlobalSection(ExtensibilityGlobals) = postSolution
		SolutionGuid = {2CBE6C62-7901-4C70-AF2D-FFA287E53C35}
	EndGlobalSection
EndGlobal
